PODS:
  - Alamofire (3.4.1)
  - AWSCognito (2.4.5):
    - AWSCore (= 2.4.5)
  - AWSCore (2.4.5)
  - AWSS3 (2.4.5):
    - AWSCore (= 2.4.5)
  - Charts (2.2.5):
    - Charts/Core (= 2.2.5)
  - Charts/Core (2.2.5)
  - Crashlytics (3.7.2):
    - Fabric (~> 1.6.3)
  - DeviceGuru (1.3.7)
  - Fabric (1.6.7)
  - Mixpanel (3.0.0):
    - Mixpanel/Mixpanel (= 3.0.0)
  - Mixpanel/Mixpanel (3.0.0)
  - RxSwift (2.6.0)
  - SwiftyJSON (2.3.2)
  - Toast (3.0)
  - TransitionKit (2.0.0)

DEPENDENCIES:
  - Alamofire (~> 3.4)
  - AWSCognito
  - AWSCore
  - AWSS3
  - Charts
  - Crashlytics
  - DeviceGuru
  - Fabric
  - Mixpanel
  - RxSwift (~> 2.0)
  - SwiftyJSON
  - Toast (~> 3.0)
  - TransitionKit (~> 2.0.0)

SPEC CHECKSUMS:
  Alamofire: 01a82e2f6c0f860ade35534c8dd88be61bdef40c
  AWSCognito: 96e1762404831ffb87f67c87a5ee68fde543bb69
  AWSCore: 2f356385bcea9b81ea47f9be0228c71697d9597d
  AWSS3: 8f73b439f12c4aaaea39fbec87f67a1f1e15bd42
  Charts: b48fcc8d7190de910ff9e9748f5360c8ea7856e5
  Crashlytics: 130ab943f8c78cda7a814b434f270b2e2c8a3cba
  DeviceGuru: f847629dc0da0145ba48a9fc314e613ca4aa9caf
  Fabric: caf7580c725e64db144f610ac65cd60956911dc7
  Mixpanel: ac92056ee35a961362513ba11049e67cffcaa1f1
  RxSwift: 77f3a0b15324baa7a1c9bfa9f199648a82424e26
  SwiftyJSON: 04ccea08915aa0109039157c7974cf0298da292a
  Toast: 32c59229abfcf41850162b83bb9259dc84372473
  TransitionKit: c150629869b0eab9d270f914aad2d1a088a8c19d

COCOAPODS: 0.39.0
