// !$*UTF8*$!
{
	archiveVersion = 1;
	classes = {
	};
	objectVersion = 46;
	objects = {

/* Begin PBXBuildFile section */
		11068D3945AD10DD6D609B48 /* Pods_Jarvis.framework in Frameworks */ = {isa = PBXBuildFile; fileRef = 557CEF5628C0C79E68DC1074 /* Pods_Jarvis.framework */; };
		380D26891D3EA8B1006518A6 /* Credentials.swift in Sources */ = {isa = PBXBuildFile; fileRef = 380D26881D3EA8B1006518A6 /* Credentials.swift */; };
		381001461D56315200D43A00 /* NEContextSDK.framework in Embed Frameworks */ = {isa = PBXBuildFile; fileRef = 381001431D56313F00D43A00 /* NEContextSDK.framework */; settings = {ATTRIBUTES = (CodeSignOnCopy, RemoveHeadersOnCopy, ); }; };
		381001491D590C5E00D43A00 /* Onboarding.storyboard in Resources */ = {isa = PBXBuildFile; fileRef = 381001481D590C5E00D43A00 /* Onboarding.storyboard */; };
		381FEA7D1D5AA54B00FBB7CF /* OnboardingGetNameViewController.swift in Sources */ = {isa = PBXBuildFile; fileRef = 381FEA7C1D5AA54B00FBB7CF /* OnboardingGetNameViewController.swift */; };
		381FEA7F1D5AA58700FBB7CF /* OnboardingPermissionsViewController.swift in Sources */ = {isa = PBXBuildFile; fileRef = 381FEA7E1D5AA58700FBB7CF /* OnboardingPermissionsViewController.swift */; };
		381FEA831D5B5D1000FBB7CF /* MainTabBarController.swift in Sources */ = {isa = PBXBuildFile; fileRef = 381FEA821D5B5D1000FBB7CF /* MainTabBarController.swift */; };
		381FEA851D5BFBB900FBB7CF /* OnboardPageViewController.swift in Sources */ = {isa = PBXBuildFile; fileRef = 381FEA841D5BFBB900FBB7CF /* OnboardPageViewController.swift */; };
		381FEA871D5BFE4500FBB7CF /* WalkthroughViewController.swift in Sources */ = {isa = PBXBuildFile; fileRef = 381FEA861D5BFE4500FBB7CF /* WalkthroughViewController.swift */; };
		381FEA891D5CA77400FBB7CF /* UIApplication+Ext.swift in Sources */ = {isa = PBXBuildFile; fileRef = 381FEA881D5CA77400FBB7CF /* UIApplication+Ext.swift */; };
		3853FEBC1D3BB1B9006B894C /* Logger.swift in Sources */ = {isa = PBXBuildFile; fileRef = 3853FEBB1D3BB1B9006B894C /* Logger.swift */; };
		3853FEBE1D3BB226006B894C /* VendorInfo.swift in Sources */ = {isa = PBXBuildFile; fileRef = 3853FEBD1D3BB226006B894C /* VendorInfo.swift */; };
		3853FEC91D3CD5F2006B894C /* Array+Ext.swift in Sources */ = {isa = PBXBuildFile; fileRef = 3853FEC81D3CD5F2006B894C /* Array+Ext.swift */; };
		3853FECB1D3D73CF006B894C /* UIViewController+Ext.swift in Sources */ = {isa = PBXBuildFile; fileRef = 3853FECA1D3D73CF006B894C /* UIViewController+Ext.swift */; };
		385D024B1D4FA186007C1C4A /* RecommendationsViewController.swift in Sources */ = {isa = PBXBuildFile; fileRef = 385D024A1D4FA186007C1C4A /* RecommendationsViewController.swift */; };
		385D024F1D4FBDDC007C1C4A /* RecommendationWebViewController.swift in Sources */ = {isa = PBXBuildFile; fileRef = 385D024E1D4FBDDB007C1C4A /* RecommendationWebViewController.swift */; };
		38663DC71D5E4C4600F01E2C /* Artboard.storyboard in Resources */ = {isa = PBXBuildFile; fileRef = 38663DC61D5E4C4600F01E2C /* Artboard.storyboard */; };
		38663DC91D5E702800F01E2C /* DashboardViewController.swift in Sources */ = {isa = PBXBuildFile; fileRef = 38663DC81D5E702800F01E2C /* DashboardViewController.swift */; };
		38663DCB1D5E70B600F01E2C /* ArtboardTabBarController.swift in Sources */ = {isa = PBXBuildFile; fileRef = 38663DCA1D5E70B600F01E2C /* ArtboardTabBarController.swift */; };
		38663DCD1D5EACC200F01E2C /* Recommendations.swift in Sources */ = {isa = PBXBuildFile; fileRef = 38663DCC1D5EACC200F01E2C /* Recommendations.swift */; };
		38663DED1D5F230B00F01E2C /* Images.swift in Sources */ = {isa = PBXBuildFile; fileRef = 38663DEC1D5F230B00F01E2C /* Images.swift */; };
		38663DEF1D5F89B200F01E2C /* WebViewController.swift in Sources */ = {isa = PBXBuildFile; fileRef = 38663DEE1D5F89B200F01E2C /* WebViewController.swift */; };
		387DE6861D2545BD006543D4 /* AppDelegate.swift in Sources */ = {isa = PBXBuildFile; fileRef = 387DE6851D2545BD006543D4 /* AppDelegate.swift */; };
		387DE6881D2545BD006543D4 /* MeViewController.swift in Sources */ = {isa = PBXBuildFile; fileRef = 387DE6871D2545BD006543D4 /* MeViewController.swift */; };
		387DE68D1D2545BD006543D4 /* Main.storyboard in Resources */ = {isa = PBXBuildFile; fileRef = 387DE68B1D2545BD006543D4 /* Main.storyboard */; };
		387DE68F1D2545BD006543D4 /* Assets.xcassets in Resources */ = {isa = PBXBuildFile; fileRef = 387DE68E1D2545BD006543D4 /* Assets.xcassets */; };
		387DE6921D2545BD006543D4 /* LaunchScreen.storyboard in Resources */ = {isa = PBXBuildFile; fileRef = 387DE6901D2545BD006543D4 /* LaunchScreen.storyboard */; };
		387DE69F1D254722006543D4 /* AnalyticsViewController.swift in Sources */ = {isa = PBXBuildFile; fileRef = 387DE69E1D254722006543D4 /* AnalyticsViewController.swift */; };
		387DE6A11D254918006543D4 /* MeCollectionViewCell.swift in Sources */ = {isa = PBXBuildFile; fileRef = 387DE6A01D254918006543D4 /* MeCollectionViewCell.swift */; };
		387DE6A51D255092006543D4 /* AWS.swift in Sources */ = {isa = PBXBuildFile; fileRef = 387DE6A21D255092006543D4 /* AWS.swift */; };
		387DE6A61D255092006543D4 /* Logging.swift in Sources */ = {isa = PBXBuildFile; fileRef = 387DE6A31D255092006543D4 /* Logging.swift */; };
		387DE6A71D255092006543D4 /* String+Ext.swift in Sources */ = {isa = PBXBuildFile; fileRef = 387DE6A41D255092006543D4 /* String+Ext.swift */; };
		387DE6AB1D255FB5006543D4 /* ContextInfo.swift in Sources */ = {isa = PBXBuildFile; fileRef = 387DE6AA1D255FB5006543D4 /* ContextInfo.swift */; };
		387DE6AD1D25AA11006543D4 /* UIImageView+Ext.swift in Sources */ = {isa = PBXBuildFile; fileRef = 387DE6AC1D25AA11006543D4 /* UIImageView+Ext.swift */; };
		387DE6AF1D25AA52006543D4 /* UIImage+Ext.swift in Sources */ = {isa = PBXBuildFile; fileRef = 387DE6AE1D25AA52006543D4 /* UIImage+Ext.swift */; };
		387DE6B11D25B4CA006543D4 /* Common.swift in Sources */ = {isa = PBXBuildFile; fileRef = 387DE6B01D25B4CA006543D4 /* Common.swift */; };
		38ADA10D1D33D4F700599E61 /* MessageUI.framework in Frameworks */ = {isa = PBXBuildFile; fileRef = 38ADA10C1D33D4F700599E61 /* MessageUI.framework */; };
		38ADA1131D3443E200599E61 /* AnalyticsPopupViewController.swift in Sources */ = {isa = PBXBuildFile; fileRef = 38ADA1121D3443E100599E61 /* AnalyticsPopupViewController.swift */; };
		38B8A15C1D51601400F82A2B /* RecommendedMusicTableViewCell.swift in Sources */ = {isa = PBXBuildFile; fileRef = 38B8A15B1D51601300F82A2B /* RecommendedMusicTableViewCell.swift */; };
		38C1635C1D50AA9700561A50 /* RecommendedItem.swift in Sources */ = {isa = PBXBuildFile; fileRef = 38C1635B1D50AA9700561A50 /* RecommendedItem.swift */; };
		38C1635E1D50AC5300561A50 /* RecommendedMusicTableViewCell.xib in Resources */ = {isa = PBXBuildFile; fileRef = 38C1635D1D50AC5300561A50 /* RecommendedMusicTableViewCell.xib */; };
		38C913281D2D2C2B0037A7B9 /* Social.framework in Frameworks */ = {isa = PBXBuildFile; fileRef = 38C913271D2D2C2B0037A7B9 /* Social.framework */; };
		38DAE3601D2B3ECC005F26B0 /* ContextPopoverViewController.swift in Sources */ = {isa = PBXBuildFile; fileRef = 38DAE35F1D2B3ECC005F26B0 /* ContextPopoverViewController.swift */; };
		38DAE3641D2BF8E0005F26B0 /* Double+Ext.swift in Sources */ = {isa = PBXBuildFile; fileRef = 38DAE3631D2BF8E0005F26B0 /* Double+Ext.swift */; };
		38DAE3661D2C1850005F26B0 /* ContextFeedbackViewController.swift in Sources */ = {isa = PBXBuildFile; fileRef = 38DAE3651D2C1850005F26B0 /* ContextFeedbackViewController.swift */; };
		38FA3ED81D27E617005110D2 /* AdSupport.framework in Frameworks */ = {isa = PBXBuildFile; fileRef = 38FA3ED71D27E616005110D2 /* AdSupport.framework */; };
/* End PBXBuildFile section */

/* Begin PBXCopyFilesBuildPhase section */
		381001471D56315200D43A00 /* Embed Frameworks */ = {
			isa = PBXCopyFilesBuildPhase;
			buildActionMask = 2147483647;
			dstPath = "";
			dstSubfolderSpec = 10;
			files = (
				381001461D56315200D43A00 /* NEContextSDK.framework in Embed Frameworks */,
			);
			name = "Embed Frameworks";
			runOnlyForDeploymentPostprocessing = 0;
		};
/* End PBXCopyFilesBuildPhase section */

/* Begin PBXFileReference section */
		380D26881D3EA8B1006518A6 /* Credentials.swift */ = {isa = PBXFileReference; fileEncoding = 4; lastKnownFileType = sourcecode.swift; path = Credentials.swift; sourceTree = "<group>"; };
		381001431D56313F00D43A00 /* NEContextSDK.framework */ = {isa = PBXFileReference; lastKnownFileType = wrapper.framework; path = NEContextSDK.framework; sourceTree = "<group>"; };
		381001481D590C5E00D43A00 /* Onboarding.storyboard */ = {isa = PBXFileReference; fileEncoding = 4; lastKnownFileType = file.storyboard; path = Onboarding.storyboard; sourceTree = "<group>"; };
		381FEA7C1D5AA54B00FBB7CF /* OnboardingGetNameViewController.swift */ = {isa = PBXFileReference; fileEncoding = 4; lastKnownFileType = sourcecode.swift; path = OnboardingGetNameViewController.swift; sourceTree = "<group>"; };
		381FEA7E1D5AA58700FBB7CF /* OnboardingPermissionsViewController.swift */ = {isa = PBXFileReference; fileEncoding = 4; lastKnownFileType = sourcecode.swift; path = OnboardingPermissionsViewController.swift; sourceTree = "<group>"; };
		381FEA821D5B5D1000FBB7CF /* MainTabBarController.swift */ = {isa = PBXFileReference; fileEncoding = 4; lastKnownFileType = sourcecode.swift; path = MainTabBarController.swift; sourceTree = "<group>"; };
		381FEA841D5BFBB900FBB7CF /* OnboardPageViewController.swift */ = {isa = PBXFileReference; fileEncoding = 4; lastKnownFileType = sourcecode.swift; path = OnboardPageViewController.swift; sourceTree = "<group>"; };
		381FEA861D5BFE4500FBB7CF /* WalkthroughViewController.swift */ = {isa = PBXFileReference; fileEncoding = 4; lastKnownFileType = sourcecode.swift; path = WalkthroughViewController.swift; sourceTree = "<group>"; };
		381FEA881D5CA77400FBB7CF /* UIApplication+Ext.swift */ = {isa = PBXFileReference; fileEncoding = 4; lastKnownFileType = sourcecode.swift; path = "UIApplication+Ext.swift"; sourceTree = "<group>"; };
		383A4BD15ED65E5B49AD4C09 /* Pods-Jarvis.debug.xcconfig */ = {isa = PBXFileReference; includeInIndex = 1; lastKnownFileType = text.xcconfig; name = "Pods-Jarvis.debug.xcconfig"; path = "Pods/Target Support Files/Pods-Jarvis/Pods-Jarvis.debug.xcconfig"; sourceTree = "<group>"; };
		3853FEBB1D3BB1B9006B894C /* Logger.swift */ = {isa = PBXFileReference; fileEncoding = 4; lastKnownFileType = sourcecode.swift; path = Logger.swift; sourceTree = "<group>"; };
		3853FEBD1D3BB226006B894C /* VendorInfo.swift */ = {isa = PBXFileReference; fileEncoding = 4; lastKnownFileType = sourcecode.swift; path = VendorInfo.swift; sourceTree = "<group>"; };
		3853FEC81D3CD5F2006B894C /* Array+Ext.swift */ = {isa = PBXFileReference; fileEncoding = 4; lastKnownFileType = sourcecode.swift; path = "Array+Ext.swift"; sourceTree = "<group>"; };
		3853FECA1D3D73CF006B894C /* UIViewController+Ext.swift */ = {isa = PBXFileReference; fileEncoding = 4; lastKnownFileType = sourcecode.swift; path = "UIViewController+Ext.swift"; sourceTree = "<group>"; };
		385D024A1D4FA186007C1C4A /* RecommendationsViewController.swift */ = {isa = PBXFileReference; fileEncoding = 4; lastKnownFileType = sourcecode.swift; path = RecommendationsViewController.swift; sourceTree = "<group>"; };
		385D024E1D4FBDDB007C1C4A /* RecommendationWebViewController.swift */ = {isa = PBXFileReference; fileEncoding = 4; lastKnownFileType = sourcecode.swift; path = RecommendationWebViewController.swift; sourceTree = "<group>"; };
		38663DC61D5E4C4600F01E2C /* Artboard.storyboard */ = {isa = PBXFileReference; fileEncoding = 4; lastKnownFileType = file.storyboard; path = Artboard.storyboard; sourceTree = "<group>"; };
		38663DC81D5E702800F01E2C /* DashboardViewController.swift */ = {isa = PBXFileReference; fileEncoding = 4; lastKnownFileType = sourcecode.swift; path = DashboardViewController.swift; sourceTree = "<group>"; };
		38663DCA1D5E70B600F01E2C /* ArtboardTabBarController.swift */ = {isa = PBXFileReference; fileEncoding = 4; lastKnownFileType = sourcecode.swift; path = ArtboardTabBarController.swift; sourceTree = "<group>"; };
		38663DCC1D5EACC200F01E2C /* Recommendations.swift */ = {isa = PBXFileReference; fileEncoding = 4; lastKnownFileType = sourcecode.swift; path = Recommendations.swift; sourceTree = "<group>"; };
		38663DEC1D5F230B00F01E2C /* Images.swift */ = {isa = PBXFileReference; fileEncoding = 4; lastKnownFileType = sourcecode.swift; path = Images.swift; sourceTree = "<group>"; };
		38663DEE1D5F89B200F01E2C /* WebViewController.swift */ = {isa = PBXFileReference; fileEncoding = 4; lastKnownFileType = sourcecode.swift; path = WebViewController.swift; sourceTree = "<group>"; };
		387DE6821D2545BD006543D4 /* Jarvis.app */ = {isa = PBXFileReference; explicitFileType = wrapper.application; includeInIndex = 0; path = Jarvis.app; sourceTree = BUILT_PRODUCTS_DIR; };
		387DE6851D2545BD006543D4 /* AppDelegate.swift */ = {isa = PBXFileReference; lastKnownFileType = sourcecode.swift; path = AppDelegate.swift; sourceTree = "<group>"; };
		387DE6871D2545BD006543D4 /* MeViewController.swift */ = {isa = PBXFileReference; lastKnownFileType = sourcecode.swift; path = MeViewController.swift; sourceTree = "<group>"; };
		387DE68C1D2545BD006543D4 /* Base */ = {isa = PBXFileReference; lastKnownFileType = file.storyboard; name = Base; path = Base.lproj/Main.storyboard; sourceTree = "<group>"; };
		387DE68E1D2545BD006543D4 /* Assets.xcassets */ = {isa = PBXFileReference; lastKnownFileType = folder.assetcatalog; path = Assets.xcassets; sourceTree = "<group>"; };
		387DE6911D2545BD006543D4 /* Base */ = {isa = PBXFileReference; lastKnownFileType = file.storyboard; name = Base; path = Base.lproj/LaunchScreen.storyboard; sourceTree = "<group>"; };
		387DE6931D2545BD006543D4 /* Info.plist */ = {isa = PBXFileReference; lastKnownFileType = text.plist.xml; path = Info.plist; sourceTree = "<group>"; };
		387DE69E1D254722006543D4 /* AnalyticsViewController.swift */ = {isa = PBXFileReference; fileEncoding = 4; lastKnownFileType = sourcecode.swift; path = AnalyticsViewController.swift; sourceTree = "<group>"; };
		387DE6A01D254918006543D4 /* MeCollectionViewCell.swift */ = {isa = PBXFileReference; fileEncoding = 4; lastKnownFileType = sourcecode.swift; path = MeCollectionViewCell.swift; sourceTree = "<group>"; };
		387DE6A21D255092006543D4 /* AWS.swift */ = {isa = PBXFileReference; fileEncoding = 4; lastKnownFileType = sourcecode.swift; path = AWS.swift; sourceTree = "<group>"; };
		387DE6A31D255092006543D4 /* Logging.swift */ = {isa = PBXFileReference; fileEncoding = 4; lastKnownFileType = sourcecode.swift; path = Logging.swift; sourceTree = "<group>"; };
		387DE6A41D255092006543D4 /* String+Ext.swift */ = {isa = PBXFileReference; fileEncoding = 4; lastKnownFileType = sourcecode.swift; path = "String+Ext.swift"; sourceTree = "<group>"; };
		387DE6AA1D255FB5006543D4 /* ContextInfo.swift */ = {isa = PBXFileReference; fileEncoding = 4; lastKnownFileType = sourcecode.swift; path = ContextInfo.swift; sourceTree = "<group>"; };
		387DE6AC1D25AA11006543D4 /* UIImageView+Ext.swift */ = {isa = PBXFileReference; fileEncoding = 4; lastKnownFileType = sourcecode.swift; path = "UIImageView+Ext.swift"; sourceTree = "<group>"; };
		387DE6AE1D25AA52006543D4 /* UIImage+Ext.swift */ = {isa = PBXFileReference; fileEncoding = 4; lastKnownFileType = sourcecode.swift; path = "UIImage+Ext.swift"; sourceTree = "<group>"; };
		387DE6B01D25B4CA006543D4 /* Common.swift */ = {isa = PBXFileReference; fileEncoding = 4; lastKnownFileType = sourcecode.swift; path = Common.swift; sourceTree = "<group>"; };
		38ADA10B1D2F193C00599E61 /* Jarvis-Bridging-Header.h */ = {isa = PBXFileReference; lastKnownFileType = sourcecode.c.h; path = "Jarvis-Bridging-Header.h"; sourceTree = "<group>"; };
		38ADA10C1D33D4F700599E61 /* MessageUI.framework */ = {isa = PBXFileReference; lastKnownFileType = wrapper.framework; name = MessageUI.framework; path = System/Library/Frameworks/MessageUI.framework; sourceTree = SDKROOT; };
		38ADA1121D3443E100599E61 /* AnalyticsPopupViewController.swift */ = {isa = PBXFileReference; fileEncoding = 4; lastKnownFileType = sourcecode.swift; path = AnalyticsPopupViewController.swift; sourceTree = "<group>"; };
		38B8A15B1D51601300F82A2B /* RecommendedMusicTableViewCell.swift */ = {isa = PBXFileReference; fileEncoding = 4; lastKnownFileType = sourcecode.swift; path = RecommendedMusicTableViewCell.swift; sourceTree = "<group>"; };
		38C1635B1D50AA9700561A50 /* RecommendedItem.swift */ = {isa = PBXFileReference; fileEncoding = 4; lastKnownFileType = sourcecode.swift; path = RecommendedItem.swift; sourceTree = "<group>"; };
		38C1635D1D50AC5300561A50 /* RecommendedMusicTableViewCell.xib */ = {isa = PBXFileReference; fileEncoding = 4; lastKnownFileType = file.xib; path = RecommendedMusicTableViewCell.xib; sourceTree = "<group>"; };
		38C913271D2D2C2B0037A7B9 /* Social.framework */ = {isa = PBXFileReference; lastKnownFileType = wrapper.framework; name = Social.framework; path = System/Library/Frameworks/Social.framework; sourceTree = SDKROOT; };
		38DAE35F1D2B3ECC005F26B0 /* ContextPopoverViewController.swift */ = {isa = PBXFileReference; fileEncoding = 4; lastKnownFileType = sourcecode.swift; path = ContextPopoverViewController.swift; sourceTree = "<group>"; };
		38DAE3631D2BF8E0005F26B0 /* Double+Ext.swift */ = {isa = PBXFileReference; fileEncoding = 4; lastKnownFileType = sourcecode.swift; path = "Double+Ext.swift"; sourceTree = "<group>"; };
		38DAE3651D2C1850005F26B0 /* ContextFeedbackViewController.swift */ = {isa = PBXFileReference; fileEncoding = 4; lastKnownFileType = sourcecode.swift; path = ContextFeedbackViewController.swift; sourceTree = "<group>"; };
		38FA3ED71D27E616005110D2 /* AdSupport.framework */ = {isa = PBXFileReference; lastKnownFileType = wrapper.framework; name = AdSupport.framework; path = System/Library/Frameworks/AdSupport.framework; sourceTree = SDKROOT; };
		557CEF5628C0C79E68DC1074 /* Pods_Jarvis.framework */ = {isa = PBXFileReference; explicitFileType = wrapper.framework; includeInIndex = 0; path = Pods_Jarvis.framework; sourceTree = BUILT_PRODUCTS_DIR; };
		9EE9516F584B94CEAE8F47C1 /* Pods-Jarvis.release.xcconfig */ = {isa = PBXFileReference; includeInIndex = 1; lastKnownFileType = text.xcconfig; name = "Pods-Jarvis.release.xcconfig"; path = "Pods/Target Support Files/Pods-Jarvis/Pods-Jarvis.release.xcconfig"; sourceTree = "<group>"; };
/* End PBXFileReference section */

/* Begin PBXFrameworksBuildPhase section */
		387DE67F1D2545BD006543D4 /* Frameworks */ = {
			isa = PBXFrameworksBuildPhase;
			buildActionMask = 2147483647;
			files = (
				38ADA10D1D33D4F700599E61 /* MessageUI.framework in Frameworks */,
				38C913281D2D2C2B0037A7B9 /* Social.framework in Frameworks */,
				38FA3ED81D27E617005110D2 /* AdSupport.framework in Frameworks */,
				11068D3945AD10DD6D609B48 /* Pods_Jarvis.framework in Frameworks */,
			);
			runOnlyForDeploymentPostprocessing = 0;
		};
/* End PBXFrameworksBuildPhase section */

/* Begin PBXGroup section */
		3853FEB71D3BA384006B894C /* Utilities */ = {
			isa = PBXGroup;
			children = (
				38663DCC1D5EACC200F01E2C /* Recommendations.swift */,
				387DE6A21D255092006543D4 /* AWS.swift */,
				387DE6A31D255092006543D4 /* Logging.swift */,
				387DE6AA1D255FB5006543D4 /* ContextInfo.swift */,
				387DE6B01D25B4CA006543D4 /* Common.swift */,
				3853FEBB1D3BB1B9006B894C /* Logger.swift */,
				3853FEBD1D3BB226006B894C /* VendorInfo.swift */,
				380D26881D3EA8B1006518A6 /* Credentials.swift */,
				38C1635B1D50AA9700561A50 /* RecommendedItem.swift */,
				38663DEC1D5F230B00F01E2C /* Images.swift */,
			);
			name = Utilities;
			sourceTree = "<group>";
		};
		3853FEB81D3BA38A006B894C /* Extensions */ = {
			isa = PBXGroup;
			children = (
				387DE6A41D255092006543D4 /* String+Ext.swift */,
				387DE6AC1D25AA11006543D4 /* UIImageView+Ext.swift */,
				387DE6AE1D25AA52006543D4 /* UIImage+Ext.swift */,
				38DAE3631D2BF8E0005F26B0 /* Double+Ext.swift */,
				3853FEC81D3CD5F2006B894C /* Array+Ext.swift */,
				3853FECA1D3D73CF006B894C /* UIViewController+Ext.swift */,
				381FEA881D5CA77400FBB7CF /* UIApplication+Ext.swift */,
			);
			name = Extensions;
			sourceTree = "<group>";
		};
		3853FEB91D3BA3B5006B894C /* Views & View Controllers */ = {
			isa = PBXGroup;
			children = (
				387DE6871D2545BD006543D4 /* MeViewController.swift */,
				38DAE35F1D2B3ECC005F26B0 /* ContextPopoverViewController.swift */,
				387DE69E1D254722006543D4 /* AnalyticsViewController.swift */,
				38DAE3651D2C1850005F26B0 /* ContextFeedbackViewController.swift */,
				38ADA1121D3443E100599E61 /* AnalyticsPopupViewController.swift */,
				387DE6A01D254918006543D4 /* MeCollectionViewCell.swift */,
				385D024A1D4FA186007C1C4A /* RecommendationsViewController.swift */,
				385D024E1D4FBDDB007C1C4A /* RecommendationWebViewController.swift */,
				38B8A15B1D51601300F82A2B /* RecommendedMusicTableViewCell.swift */,
				381FEA7C1D5AA54B00FBB7CF /* OnboardingGetNameViewController.swift */,
				381FEA7E1D5AA58700FBB7CF /* OnboardingPermissionsViewController.swift */,
				381FEA821D5B5D1000FBB7CF /* MainTabBarController.swift */,
				381FEA841D5BFBB900FBB7CF /* OnboardPageViewController.swift */,
				381FEA861D5BFE4500FBB7CF /* WalkthroughViewController.swift */,
				38663DC81D5E702800F01E2C /* DashboardViewController.swift */,
				38663DCA1D5E70B600F01E2C /* ArtboardTabBarController.swift */,
				38663DEE1D5F89B200F01E2C /* WebViewController.swift */,
			);
			name = "Views & View Controllers";
			sourceTree = "<group>";
		};
		3853FEBA1D3BA3EF006B894C /* UI Elements */ = {
			isa = PBXGroup;
			children = (
				387DE68B1D2545BD006543D4 /* Main.storyboard */,
				387DE6901D2545BD006543D4 /* LaunchScreen.storyboard */,
				38C1635D1D50AC5300561A50 /* RecommendedMusicTableViewCell.xib */,
				381001481D590C5E00D43A00 /* Onboarding.storyboard */,
				38663DC61D5E4C4600F01E2C /* Artboard.storyboard */,
			);
			name = "UI Elements";
			sourceTree = "<group>";
		};
		387DE6791D2545BD006543D4 = {
			isa = PBXGroup;
			children = (
				387DE6841D2545BD006543D4 /* AllAboutMe */,
				387DE6831D2545BD006543D4 /* Products */,
				817FC35F85FB8106C14E79F4 /* Pods */,
				DF1B6159D0D86E83ACB75FBA /* Frameworks */,
			);
			sourceTree = "<group>";
		};
		387DE6831D2545BD006543D4 /* Products */ = {
			isa = PBXGroup;
			children = (
				387DE6821D2545BD006543D4 /* Jarvis.app */,
			);
			name = Products;
			sourceTree = "<group>";
		};
		387DE6841D2545BD006543D4 /* AllAboutMe */ = {
			isa = PBXGroup;
			children = (
				3853FEBA1D3BA3EF006B894C /* UI Elements */,
				38ADA10B1D2F193C00599E61 /* Jarvis-Bridging-Header.h */,
				387DE6851D2545BD006543D4 /* AppDelegate.swift */,
				3853FEB91D3BA3B5006B894C /* Views & View Controllers */,
				3853FEB81D3BA38A006B894C /* Extensions */,
				3853FEB71D3BA384006B894C /* Utilities */,
				387DE68E1D2545BD006543D4 /* Assets.xcassets */,
				387DE6931D2545BD006543D4 /* Info.plist */,
			);
			path = AllAboutMe;
			sourceTree = "<group>";
		};
		817FC35F85FB8106C14E79F4 /* Pods */ = {
			isa = PBXGroup;
			children = (
				383A4BD15ED65E5B49AD4C09 /* Pods-Jarvis.debug.xcconfig */,
				9EE9516F584B94CEAE8F47C1 /* Pods-Jarvis.release.xcconfig */,
			);
			name = Pods;
			sourceTree = "<group>";
		};
		DF1B6159D0D86E83ACB75FBA /* Frameworks */ = {
			isa = PBXGroup;
			children = (
				381001431D56313F00D43A00 /* NEContextSDK.framework */,
				38ADA10C1D33D4F700599E61 /* MessageUI.framework */,
				38C913271D2D2C2B0037A7B9 /* Social.framework */,
				38FA3ED71D27E616005110D2 /* AdSupport.framework */,
				557CEF5628C0C79E68DC1074 /* Pods_Jarvis.framework */,
			);
			name = Frameworks;
			sourceTree = "<group>";
		};
/* End PBXGroup section */

/* Begin PBXNativeTarget section */
		387DE6811D2545BD006543D4 /* Jarvis */ = {
			isa = PBXNativeTarget;
			buildConfigurationList = 387DE6961D2545BD006543D4 /* Build configuration list for PBXNativeTarget "Jarvis" */;
			buildPhases = (
				2F0CC4ABE00E0F7738ED0E43 /* Check Pods Manifest.lock */,
				387DE67E1D2545BD006543D4 /* Sources */,
				387DE67F1D2545BD006543D4 /* Frameworks */,
				387DE6801D2545BD006543D4 /* Resources */,
				78A643866B945C1B403E4878 /* Embed Pods Frameworks */,
				37B912C171C97FA1CB350A14 /* Copy Pods Resources */,
				382836191D41A92D006DBBFB /* ShellScript */,
				381001471D56315200D43A00 /* Embed Frameworks */,
			);
			buildRules = (
			);
			dependencies = (
			);
			name = Jarvis;
			productName = AllAboutMe;
			productReference = 387DE6821D2545BD006543D4 /* Jarvis.app */;
			productType = "com.apple.product-type.application";
		};
/* End PBXNativeTarget section */

/* Begin PBXProject section */
		387DE67A1D2545BD006543D4 /* Project object */ = {
			isa = PBXProject;
			attributes = {
				LastSwiftUpdateCheck = 0730;
				LastUpgradeCheck = 0730;
				ORGANIZATIONNAME = NE;
				TargetAttributes = {
					387DE6811D2545BD006543D4 = {
						CreatedOnToolsVersion = 7.3.1;
						DevelopmentTeam = JTSFFH6DL8;
						SystemCapabilities = {
							com.apple.BackgroundModes = {
								enabled = 1;
							};
						};
					};
				};
			};
			buildConfigurationList = 387DE67D1D2545BD006543D4 /* Build configuration list for PBXProject "Jarvis" */;
			compatibilityVersion = "Xcode 3.2";
			developmentRegion = English;
			hasScannedForEncodings = 0;
			knownRegions = (
				en,
				Base,
			);
			mainGroup = 387DE6791D2545BD006543D4;
			productRefGroup = 387DE6831D2545BD006543D4 /* Products */;
			projectDirPath = "";
			projectRoot = "";
			targets = (
				387DE6811D2545BD006543D4 /* Jarvis */,
			);
		};
/* End PBXProject section */

/* Begin PBXResourcesBuildPhase section */
		387DE6801D2545BD006543D4 /* Resources */ = {
			isa = PBXResourcesBuildPhase;
			buildActionMask = 2147483647;
			files = (
				38C1635E1D50AC5300561A50 /* RecommendedMusicTableViewCell.xib in Resources */,
				381001491D590C5E00D43A00 /* Onboarding.storyboard in Resources */,
				387DE6921D2545BD006543D4 /* LaunchScreen.storyboard in Resources */,
				387DE68F1D2545BD006543D4 /* Assets.xcassets in Resources */,
				387DE68D1D2545BD006543D4 /* Main.storyboard in Resources */,
				38663DC71D5E4C4600F01E2C /* Artboard.storyboard in Resources */,
			);
			runOnlyForDeploymentPostprocessing = 0;
		};
/* End PBXResourcesBuildPhase section */

/* Begin PBXShellScriptBuildPhase section */
		2F0CC4ABE00E0F7738ED0E43 /* Check Pods Manifest.lock */ = {
			isa = PBXShellScriptBuildPhase;
			buildActionMask = 2147483647;
			files = (
			);
			inputPaths = (
			);
			name = "Check Pods Manifest.lock";
			outputPaths = (
			);
			runOnlyForDeploymentPostprocessing = 0;
			shellPath = /bin/sh;
			shellScript = "diff \"${PODS_ROOT}/../Podfile.lock\" \"${PODS_ROOT}/Manifest.lock\" > /dev/null\nif [[ $? != 0 ]] ; then\n    cat << EOM\nerror: The sandbox is not in sync with the Podfile.lock. Run 'pod install' or update your CocoaPods installation.\nEOM\n    exit 1\nfi\n";
			showEnvVarsInLog = 0;
		};
		37B912C171C97FA1CB350A14 /* Copy Pods Resources */ = {
			isa = PBXShellScriptBuildPhase;
			buildActionMask = 2147483647;
			files = (
			);
			inputPaths = (
			);
			name = "Copy Pods Resources";
			outputPaths = (
			);
			runOnlyForDeploymentPostprocessing = 0;
			shellPath = /bin/sh;
			shellScript = "\"${SRCROOT}/Pods/Target Support Files/Pods-Jarvis/Pods-Jarvis-resources.sh\"\n";
			showEnvVarsInLog = 0;
		};
		382836191D41A92D006DBBFB /* ShellScript */ = {
			isa = PBXShellScriptBuildPhase;
			buildActionMask = 2147483647;
			files = (
			);
			inputPaths = (
			);
			outputPaths = (
			);
			runOnlyForDeploymentPostprocessing = 0;
			shellPath = /bin/sh;
			shellScript = "\"${PODS_ROOT}/Fabric/run\" 45ee0dd2ab9b8f608dce6a71c8dd8a37c896e6a8 9aef5a2b721d47cc1b8a7ce9a0c8ed4af2a39cc5ae3725b52aef310214a838fa";
		};
		78A643866B945C1B403E4878 /* Embed Pods Frameworks */ = {
			isa = PBXShellScriptBuildPhase;
			buildActionMask = 2147483647;
			files = (
			);
			inputPaths = (
			);
			name = "Embed Pods Frameworks";
			outputPaths = (
			);
			runOnlyForDeploymentPostprocessing = 0;
			shellPath = /bin/sh;
			shellScript = "\"${SRCROOT}/Pods/Target Support Files/Pods-Jarvis/Pods-Jarvis-frameworks.sh\"\n";
			showEnvVarsInLog = 0;
		};
/* End PBXShellScriptBuildPhase section */

/* Begin PBXSourcesBuildPhase section */
		387DE67E1D2545BD006543D4 /* Sources */ = {
			isa = PBXSourcesBuildPhase;
			buildActionMask = 2147483647;
			files = (
				381FEA891D5CA77400FBB7CF /* UIApplication+Ext.swift in Sources */,
				381FEA7D1D5AA54B00FBB7CF /* OnboardingGetNameViewController.swift in Sources */,
				3853FECB1D3D73CF006B894C /* UIViewController+Ext.swift in Sources */,
				38663DED1D5F230B00F01E2C /* Images.swift in Sources */,
				387DE6AD1D25AA11006543D4 /* UIImageView+Ext.swift in Sources */,
				380D26891D3EA8B1006518A6 /* Credentials.swift in Sources */,
				387DE6B11D25B4CA006543D4 /* Common.swift in Sources */,
				38C1635C1D50AA9700561A50 /* RecommendedItem.swift in Sources */,
				38663DCD1D5EACC200F01E2C /* Recommendations.swift in Sources */,
				387DE6861D2545BD006543D4 /* AppDelegate.swift in Sources */,
				387DE6A11D254918006543D4 /* MeCollectionViewCell.swift in Sources */,
				381FEA871D5BFE4500FBB7CF /* WalkthroughViewController.swift in Sources */,
				381FEA851D5BFBB900FBB7CF /* OnboardPageViewController.swift in Sources */,
				387DE6AB1D255FB5006543D4 /* ContextInfo.swift in Sources */,
				381FEA831D5B5D1000FBB7CF /* MainTabBarController.swift in Sources */,
				3853FEBE1D3BB226006B894C /* VendorInfo.swift in Sources */,
				38B8A15C1D51601400F82A2B /* RecommendedMusicTableViewCell.swift in Sources */,
				385D024F1D4FBDDC007C1C4A /* RecommendationWebViewController.swift in Sources */,
				38663DEF1D5F89B200F01E2C /* WebViewController.swift in Sources */,
				387DE6A61D255092006543D4 /* Logging.swift in Sources */,
				385D024B1D4FA186007C1C4A /* RecommendationsViewController.swift in Sources */,
				381FEA7F1D5AA58700FBB7CF /* OnboardingPermissionsViewController.swift in Sources */,
				387DE6A51D255092006543D4 /* AWS.swift in Sources */,
				38DAE3601D2B3ECC005F26B0 /* ContextPopoverViewController.swift in Sources */,
				3853FEBC1D3BB1B9006B894C /* Logger.swift in Sources */,
				387DE6881D2545BD006543D4 /* MeViewController.swift in Sources */,
				3853FEC91D3CD5F2006B894C /* Array+Ext.swift in Sources */,
				38663DCB1D5E70B600F01E2C /* ArtboardTabBarController.swift in Sources */,
				387DE6A71D255092006543D4 /* String+Ext.swift in Sources */,
				38663DC91D5E702800F01E2C /* DashboardViewController.swift in Sources */,
				387DE6AF1D25AA52006543D4 /* UIImage+Ext.swift in Sources */,
				38ADA1131D3443E200599E61 /* AnalyticsPopupViewController.swift in Sources */,
				387DE69F1D254722006543D4 /* AnalyticsViewController.swift in Sources */,
				38DAE3641D2BF8E0005F26B0 /* Double+Ext.swift in Sources */,
				38DAE3661D2C1850005F26B0 /* ContextFeedbackViewController.swift in Sources */,
			);
			runOnlyForDeploymentPostprocessing = 0;
		};
/* End PBXSourcesBuildPhase section */

/* Begin PBXVariantGroup section */
		387DE68B1D2545BD006543D4 /* Main.storyboard */ = {
			isa = PBXVariantGroup;
			children = (
				387DE68C1D2545BD006543D4 /* Base */,
			);
			name = Main.storyboard;
			sourceTree = "<group>";
		};
		387DE6901D2545BD006543D4 /* LaunchScreen.storyboard */ = {
			isa = PBXVariantGroup;
			children = (
				387DE6911D2545BD006543D4 /* Base */,
			);
			name = LaunchScreen.storyboard;
			sourceTree = "<group>";
		};
/* End PBXVariantGroup section */

/* Begin XCBuildConfiguration section */
		387DE6941D2545BD006543D4 /* Debug */ = {
			isa = XCBuildConfiguration;
			buildSettings = {
				ALWAYS_SEARCH_USER_PATHS = NO;
				CLANG_ANALYZER_NONNULL = YES;
				CLANG_CXX_LANGUAGE_STANDARD = "gnu++0x";
				CLANG_CXX_LIBRARY = "libc++";
				CLANG_ENABLE_MODULES = YES;
				CLANG_ENABLE_OBJC_ARC = YES;
				CLANG_WARN_BOOL_CONVERSION = YES;
				CLANG_WARN_CONSTANT_CONVERSION = YES;
				CLANG_WARN_DIRECT_OBJC_ISA_USAGE = YES_ERROR;
				CLANG_WARN_EMPTY_BODY = YES;
				CLANG_WARN_ENUM_CONVERSION = YES;
				CLANG_WARN_INT_CONVERSION = YES;
				CLANG_WARN_OBJC_ROOT_CLASS = YES_ERROR;
				CLANG_WARN_UNREACHABLE_CODE = YES;
				CLANG_WARN__DUPLICATE_METHOD_MATCH = YES;
				"CODE_SIGN_IDENTITY[sdk=iphoneos*]" = "";
				COPY_PHASE_STRIP = NO;
				DEBUG_INFORMATION_FORMAT = dwarf;
				EMBEDDED_CONTENT_CONTAINS_SWIFT = YES;
				ENABLE_BITCODE = NO;
				ENABLE_STRICT_OBJC_MSGSEND = YES;
				ENABLE_TESTABILITY = YES;
				GCC_C_LANGUAGE_STANDARD = gnu99;
				GCC_DYNAMIC_NO_PIC = NO;
				GCC_NO_COMMON_BLOCKS = YES;
				GCC_OPTIMIZATION_LEVEL = 0;
				GCC_PREPROCESSOR_DEFINITIONS = (
					"DEBUG=1",
					"$(inherited)",
				);
				GCC_WARN_64_TO_32_BIT_CONVERSION = YES;
				GCC_WARN_ABOUT_RETURN_TYPE = YES_ERROR;
				GCC_WARN_UNDECLARED_SELECTOR = YES;
				GCC_WARN_UNINITIALIZED_AUTOS = YES_AGGRESSIVE;
				GCC_WARN_UNUSED_FUNCTION = YES;
				GCC_WARN_UNUSED_VARIABLE = YES;
				IPHONEOS_DEPLOYMENT_TARGET = 9.0;
				MTL_ENABLE_DEBUG_INFO = YES;
				ONLY_ACTIVE_ARCH = YES;
				PROVISIONING_PROFILE = "7dcca5f9-4dc9-4161-b63c-9c661cfa0002";
				SDKROOT = iphoneos;
				SWIFT_OPTIMIZATION_LEVEL = "-Onone";
			};
			name = Debug;
		};
		387DE6951D2545BD006543D4 /* Release */ = {
			isa = XCBuildConfiguration;
			buildSettings = {
				ALWAYS_SEARCH_USER_PATHS = NO;
				CLANG_ANALYZER_NONNULL = YES;
				CLANG_CXX_LANGUAGE_STANDARD = "gnu++0x";
				CLANG_CXX_LIBRARY = "libc++";
				CLANG_ENABLE_MODULES = YES;
				CLANG_ENABLE_OBJC_ARC = YES;
				CLANG_WARN_BOOL_CONVERSION = YES;
				CLANG_WARN_CONSTANT_CONVERSION = YES;
				CLANG_WARN_DIRECT_OBJC_ISA_USAGE = YES_ERROR;
				CLANG_WARN_EMPTY_BODY = YES;
				CLANG_WARN_ENUM_CONVERSION = YES;
				CLANG_WARN_INT_CONVERSION = YES;
				CLANG_WARN_OBJC_ROOT_CLASS = YES_ERROR;
				CLANG_WARN_UNREACHABLE_CODE = YES;
				CLANG_WARN__DUPLICATE_METHOD_MATCH = YES;
				"CODE_SIGN_IDENTITY[sdk=iphoneos*]" = "";
				COPY_PHASE_STRIP = NO;
				DEBUG_INFORMATION_FORMAT = "dwarf-with-dsym";
				EMBEDDED_CONTENT_CONTAINS_SWIFT = YES;
				ENABLE_BITCODE = NO;
				ENABLE_NS_ASSERTIONS = NO;
				ENABLE_STRICT_OBJC_MSGSEND = YES;
				GCC_C_LANGUAGE_STANDARD = gnu99;
				GCC_NO_COMMON_BLOCKS = YES;
				GCC_WARN_64_TO_32_BIT_CONVERSION = YES;
				GCC_WARN_ABOUT_RETURN_TYPE = YES_ERROR;
				GCC_WARN_UNDECLARED_SELECTOR = YES;
				GCC_WARN_UNINITIALIZED_AUTOS = YES_AGGRESSIVE;
				GCC_WARN_UNUSED_FUNCTION = YES;
				GCC_WARN_UNUSED_VARIABLE = YES;
				IPHONEOS_DEPLOYMENT_TARGET = 9.0;
				MTL_ENABLE_DEBUG_INFO = NO;
				PROVISIONING_PROFILE = "7dcca5f9-4dc9-4161-b63c-9c661cfa0002";
				SDKROOT = iphoneos;
				VALIDATE_PRODUCT = YES;
			};
			name = Release;
		};
		387DE6971D2545BD006543D4 /* Debug */ = {
			isa = XCBuildConfiguration;
			baseConfigurationReference = 383A4BD15ED65E5B49AD4C09 /* Pods-Jarvis.debug.xcconfig */;
			buildSettings = {
				ASSETCATALOG_COMPILER_APPICON_NAME = AppIcon;
				CODE_SIGN_IDENTITY = "iPhone Developer";
				"CODE_SIGN_IDENTITY[sdk=iphoneos*]" = "iPhone Developer";
				ENABLE_BITCODE = NO;
				FRAMEWORK_SEARCH_PATHS = (
					"$(inherited)",
					"$(PROJECT_DIR)",
				);
				INFOPLIST_FILE = AllAboutMe/Info.plist;
				IPHONEOS_DEPLOYMENT_TARGET = 9.0;
				LD_RUNPATH_SEARCH_PATHS = "$(inherited) @executable_path/Frameworks";
				PRODUCT_BUNDLE_IDENTIFIER = me.numbereight.Jarvis;
				PRODUCT_NAME = Jarvis;
				PROVISIONING_PROFILE = "";
			};
			name = Debug;
		};
		387DE6981D2545BD006543D4 /* Release */ = {
			isa = XCBuildConfiguration;
			baseConfigurationReference = 9EE9516F584B94CEAE8F47C1 /* Pods-Jarvis.release.xcconfig */;
			buildSettings = {
				ASSETCATALOG_COMPILER_APPICON_NAME = AppIcon;
				CODE_SIGN_IDENTITY = "iPhone Developer";
				"CODE_SIGN_IDENTITY[sdk=iphoneos*]" = "iPhone Developer";
				ENABLE_BITCODE = NO;
				FRAMEWORK_SEARCH_PATHS = (
					"$(inherited)",
					"$(PROJECT_DIR)",
				);
				INFOPLIST_FILE = AllAboutMe/Info.plist;
				IPHONEOS_DEPLOYMENT_TARGET = 9.0;
				LD_RUNPATH_SEARCH_PATHS = "$(inherited) @executable_path/Frameworks";
				PRODUCT_BUNDLE_IDENTIFIER = me.numbereight.Jarvis;
				PRODUCT_NAME = Jarvis;
				PROVISIONING_PROFILE = "";
			};
			name = Release;
		};
/* End XCBuildConfiguration section */

/* Begin XCConfigurationList section */
		387DE67D1D2545BD006543D4 /* Build configuration list for PBXProject "Jarvis" */ = {
			isa = XCConfigurationList;
			buildConfigurations = (
				387DE6941D2545BD006543D4 /* Debug */,
				387DE6951D2545BD006543D4 /* Release */,
			);
			defaultConfigurationIsVisible = 0;
			defaultConfigurationName = Release;
		};
		387DE6961D2545BD006543D4 /* Build configuration list for PBXNativeTarget "Jarvis" */ = {
			isa = XCConfigurationList;
			buildConfigurations = (
				387DE6971D2545BD006543D4 /* Debug */,
				387DE6981D2545BD006543D4 /* Release */,
			);
			defaultConfigurationIsVisible = 0;
			defaultConfigurationName = Release;
		};
/* End XCConfigurationList section */
	};
	rootObject = 387DE67A1D2545BD006543D4 /* Project object */;
}
